
Microsoft Visual Studio Solution File, Format Version 12.00
# Visual Studio Version 16
VisualStudioVersion = 16.0.31702.278
MinimumVisualStudioVersion = 10.0.40219.1
Project("{9A19103F-16F7-4668-BE54-9A1E7A4F7556}") = "ProtoTypeV1", "ProtoTypeV1\ProtoTypeV1.csproj", "{CD3371A9-5F50-4F18-B568-7A278A7B40C2}"
EndProject
Project("{9A19103F-16F7-4668-BE54-9A1E7A4F7556}") = "Surfs_Up_Weather_Api", "Surfs_Up_Weather_Api\Surfs_Up_Weather_Api.csproj", "{90DE2F62-6391-4B2B-950F-E809EDD507FA}"
EndProject
Project("{9A19103F-16F7-4668-BE54-9A1E7A4F7556}") = "SurfsUpClassLibrary", "SurfsUpClassLibrary\SurfsUpClassLibrary.csproj", "{490ACA68-437A-4FD2-B4E2-79A2EB5CF4DA}"
EndProject
Project("{9A19103F-16F7-4668-BE54-9A1E7A4F7556}") = "BlazorPrototype.Server", "BlazorPrototype\Server\BlazorPrototype.Server.csproj", "{56E4623A-DE2F-4242-A032-882DCF047C11}"
EndProject
Project("{9A19103F-16F7-4668-BE54-9A1E7A4F7556}") = "BlazorPrototype.Client", "BlazorPrototype\Client\BlazorPrototype.Client.csproj", "{D8D75262-3C2B-4AB9-B380-39A183F35ED7}"
EndProject
Global
	GlobalSection(SolutionConfigurationPlatforms) = preSolution
		Debug|Any CPU = Debug|Any CPU
		Release|Any CPU = Release|Any CPU
	EndGlobalSection
	GlobalSection(ProjectConfigurationPlatforms) = postSolution
		{CD3371A9-5F50-4F18-B568-7A278A7B40C2}.Debug|Any CPU.ActiveCfg = Debug|Any CPU
		{CD3371A9-5F50-4F18-B568-7A278A7B40C2}.Debug|Any CPU.Build.0 = Debug|Any CPU
		{CD3371A9-5F50-4F18-B568-7A278A7B40C2}.Release|Any CPU.ActiveCfg = Release|Any CPU
		{CD3371A9-5F50-4F18-B568-7A278A7B40C2}.Release|Any CPU.Build.0 = Release|Any CPU
		{90DE2F62-6391-4B2B-950F-E809EDD507FA}.Debug|Any CPU.ActiveCfg = Debug|Any CPU
		{90DE2F62-6391-4B2B-950F-E809EDD507FA}.Debug|Any CPU.Build.0 = Debug|Any CPU
		{90DE2F62-6391-4B2B-950F-E809EDD507FA}.Release|Any CPU.ActiveCfg = Release|Any CPU
		{90DE2F62-6391-4B2B-950F-E809EDD507FA}.Release|Any CPU.Build.0 = Release|Any CPU
		{490ACA68-437A-4FD2-B4E2-79A2EB5CF4DA}.Debug|Any CPU.ActiveCfg = Debug|Any CPU
		{490ACA68-437A-4FD2-B4E2-79A2EB5CF4DA}.Debug|Any CPU.Build.0 = Debug|Any CPU
		{490ACA68-437A-4FD2-B4E2-79A2EB5CF4DA}.Release|Any CPU.ActiveCfg = Release|Any CPU
		{490ACA68-437A-4FD2-B4E2-79A2EB5CF4DA}.Release|Any CPU.Build.0 = Release|Any CPU
		{56E4623A-DE2F-4242-A032-882DCF047C11}.Debug|Any CPU.ActiveCfg = Debug|Any CPU
		{56E4623A-DE2F-4242-A032-882DCF047C11}.Debug|Any CPU.Build.0 = Debug|Any CPU
		{56E4623A-DE2F-4242-A032-882DCF047C11}.Release|Any CPU.ActiveCfg = Release|Any CPU
		{56E4623A-DE2F-4242-A032-882DCF047C11}.Release|Any CPU.Build.0 = Release|Any CPU
		{D8D75262-3C2B-4AB9-B380-39A183F35ED7}.Debug|Any CPU.ActiveCfg = Debug|Any CPU
		{D8D75262-3C2B-4AB9-B380-39A183F35ED7}.Debug|Any CPU.Build.0 = Debug|Any CPU
		{D8D75262-3C2B-4AB9-B380-39A183F35ED7}.Release|Any CPU.ActiveCfg = Release|Any CPU
		{D8D75262-3C2B-4AB9-B380-39A183F35ED7}.Release|Any CPU.Build.0 = Release|Any CPU
	EndGlobalSection
	GlobalSection(SolutionProperties) = preSolution
		HideSolutionNode = FALSE
	EndGlobalSection
	GlobalSection(ExtensibilityGlobals) = postSolution
		SolutionGuid = {0B0E4FF1-4515-4979-8E64-51061B7A4C8B}
	EndGlobalSection
EndGlobal
